
Microsoft Visual Studio Solution File, Format Version 12.00
# Visual Studio Version 16
VisualStudioVersion = 16.0.30413.136
MinimumVisualStudioVersion = 10.0.40219.1
Project("{9A19103F-16F7-4668-BE54-9A1E7A4F7556}") = "Tareas", "Tareas\Tareas.csproj", "{0E327DE9-8C0F-4225-8CE0-BFCC78A384EC}"
EndProject
Project("{9A19103F-16F7-4668-BE54-9A1E7A4F7556}") = "ToDo", "ToDo\ToDo.csproj", "{3D2A9D38-117A-41F8-BFF7-8781A785711B}"
EndProject
Global
	GlobalSection(SolutionConfigurationPlatforms) = preSolution
		Debug|Any CPU = Debug|Any CPU
		Release|Any CPU = Release|Any CPU
	EndGlobalSection
	GlobalSection(ProjectConfigurationPlatforms) = postSolution
		{0E327DE9-8C0F-4225-8CE0-BFCC78A384EC}.Debug|Any CPU.ActiveCfg = Debug|Any CPU
		{0E327DE9-8C0F-4225-8CE0-BFCC78A384EC}.Debug|Any CPU.Build.0 = Debug|Any CPU
		{0E327DE9-8C0F-4225-8CE0-BFCC78A384EC}.Release|Any CPU.ActiveCfg = Release|Any CPU
		{0E327DE9-8C0F-4225-8CE0-BFCC78A384EC}.Release|Any CPU.Build.0 = Release|Any CPU
		{3D2A9D38-117A-41F8-BFF7-8781A785711B}.Debug|Any CPU.ActiveCfg = Debug|Any CPU
		{3D2A9D38-117A-41F8-BFF7-8781A785711B}.Debug|Any CPU.Build.0 = Debug|Any CPU
		{3D2A9D38-117A-41F8-BFF7-8781A785711B}.Release|Any CPU.ActiveCfg = Release|Any CPU
		{3D2A9D38-117A-41F8-BFF7-8781A785711B}.Release|Any CPU.Build.0 = Release|Any CPU
	EndGlobalSection
	GlobalSection(SolutionProperties) = preSolution
		HideSolutionNode = FALSE
	EndGlobalSection
	GlobalSection(ExtensibilityGlobals) = postSolution
		SolutionGuid = {4BC07B33-67C1-4CDF-8BC1-101ABC4D76F4}
	EndGlobalSection
EndGlobal
